
Microsoft Visual Studio Solution File, Format Version 12.00
# Visual Studio 14
VisualStudioVersion = 14.0.25123.0
MinimumVisualStudioVersion = 10.0.40219.1
Project("{FAE04EC0-301F-11D3-BF4B-00C04F79EFBC}") = "Blade Card Game", "Blade Card Game\Blade Card Game.csproj", "{2DC65C9E-1AE3-4316-A360-427860BF2DFB}"
EndProject
Project("{2150E333-8FDC-42A3-9474-1A3956D46DE8}") = "Solution Items", "Solution Items", "{FD93EE38-B7E0-4CA7-99D7-9D3DB714519E}"
	ProjectSection(SolutionItems) = preProject
		Blade Card Game\vpproject\Blade Card Game Class.vpp = Blade Card Game\vpproject\Blade Card Game Class.vpp
		Blade Card Game\vpproject\Blade Card Game.vpp = Blade Card Game\vpproject\Blade Card Game.vpp
		Blade Card Game\vpproject\Blade Card Game.vpppath = Blade Card Game\vpproject\Blade Card Game.vpppath
		Blade Card Game\vpproject\Blade Card Game.vpp~3 = Blade Card Game\vpproject\Blade Card Game.vpp~3
		Blade Card Game\vpproject\Blade Card Game.vux = Blade Card Game\vpproject\Blade Card Game.vux
	EndProjectSection
EndProject
Global
	GlobalSection(SolutionConfigurationPlatforms) = preSolution
		Debug|ARM = Debug|ARM
		Debug|x64 = Debug|x64
		Debug|x86 = Debug|x86
		Release|ARM = Release|ARM
		Release|x64 = Release|x64
		Release|x86 = Release|x86
	EndGlobalSection
	GlobalSection(ProjectConfigurationPlatforms) = postSolution
		{2DC65C9E-1AE3-4316-A360-427860BF2DFB}.Debug|ARM.ActiveCfg = Debug|ARM
		{2DC65C9E-1AE3-4316-A360-427860BF2DFB}.Debug|ARM.Build.0 = Debug|ARM
		{2DC65C9E-1AE3-4316-A360-427860BF2DFB}.Debug|ARM.Deploy.0 = Debug|ARM
		{2DC65C9E-1AE3-4316-A360-427860BF2DFB}.Debug|x64.ActiveCfg = Debug|x64
		{2DC65C9E-1AE3-4316-A360-427860BF2DFB}.Debug|x64.Build.0 = Debug|x64
		{2DC65C9E-1AE3-4316-A360-427860BF2DFB}.Debug|x64.Deploy.0 = Debug|x64
		{2DC65C9E-1AE3-4316-A360-427860BF2DFB}.Debug|x86.ActiveCfg = Debug|x86
		{2DC65C9E-1AE3-4316-A360-427860BF2DFB}.Debug|x86.Build.0 = Debug|x86
		{2DC65C9E-1AE3-4316-A360-427860BF2DFB}.Debug|x86.Deploy.0 = Debug|x86
		{2DC65C9E-1AE3-4316-A360-427860BF2DFB}.Release|ARM.ActiveCfg = Release|ARM
		{2DC65C9E-1AE3-4316-A360-427860BF2DFB}.Release|ARM.Build.0 = Release|ARM
		{2DC65C9E-1AE3-4316-A360-427860BF2DFB}.Release|ARM.Deploy.0 = Release|ARM
		{2DC65C9E-1AE3-4316-A360-427860BF2DFB}.Release|x64.ActiveCfg = Release|x64
		{2DC65C9E-1AE3-4316-A360-427860BF2DFB}.Release|x64.Build.0 = Release|x64
		{2DC65C9E-1AE3-4316-A360-427860BF2DFB}.Release|x64.Deploy.0 = Release|x64
		{2DC65C9E-1AE3-4316-A360-427860BF2DFB}.Release|x86.ActiveCfg = Release|x86
		{2DC65C9E-1AE3-4316-A360-427860BF2DFB}.Release|x86.Build.0 = Release|x86
		{2DC65C9E-1AE3-4316-A360-427860BF2DFB}.Release|x86.Deploy.0 = Release|x86
	EndGlobalSection
	GlobalSection(SolutionProperties) = preSolution
		HideSolutionNode = FALSE
	EndGlobalSection
EndGlobal
